
Microsoft Visual Studio Solution File, Format Version 12.00
# Visual Studio Version 16
VisualStudioVersion = 16.0.31702.278
MinimumVisualStudioVersion = 10.0.40219.1
Project("{8BC9CEB8-8B4A-11D0-8D11-00A0C91BC942}") = "CPT205-Assignment2", "CPT205-Assignment2.vcxproj", "{C35FC0FC-0CA1-4A21-BD5C-2F4262F5CFFA}"
EndProject
Global
	GlobalSection(SolutionConfigurationPlatforms) = preSolution
		Debug|x64 = Debug|x64
		Debug|x86 = Debug|x86
		Release|x64 = Release|x64
		Release|x86 = Release|x86
	EndGlobalSection
	GlobalSection(ProjectConfigurationPlatforms) = postSolution
		{C35FC0FC-0CA1-4A21-BD5C-2F4262F5CFFA}.Debug|x64.ActiveCfg = Debug|x64
		{C35FC0FC-0CA1-4A21-BD5C-2F4262F5CFFA}.Debug|x64.Build.0 = Debug|x64
		{C35FC0FC-0CA1-4A21-BD5C-2F4262F5CFFA}.Debug|x86.ActiveCfg = Debug|Win32
		{C35FC0FC-0CA1-4A21-BD5C-2F4262F5CFFA}.Debug|x86.Build.0 = Debug|Win32
		{C35FC0FC-0CA1-4A21-BD5C-2F4262F5CFFA}.Release|x64.ActiveCfg = Release|x64
		{C35FC0FC-0CA1-4A21-BD5C-2F4262F5CFFA}.Release|x64.Build.0 = Release|x64
		{C35FC0FC-0CA1-4A21-BD5C-2F4262F5CFFA}.Release|x86.ActiveCfg = Release|Win32
		{C35FC0FC-0CA1-4A21-BD5C-2F4262F5CFFA}.Release|x86.Build.0 = Release|Win32
	EndGlobalSection
	GlobalSection(SolutionProperties) = preSolution
		HideSolutionNode = FALSE
	EndGlobalSection
	GlobalSection(ExtensibilityGlobals) = postSolution
		SolutionGuid = {05BCA713-ACA0-431D-9E2D-F9D48BE8F674}
	EndGlobalSection
EndGlobal
